
Microsoft Visual Studio Solution File, Format Version 12.00
# Visual Studio Version 17
VisualStudioVersion = 17.5.33516.290
MinimumVisualStudioVersion = 10.0.40219.1
Project("{2150E333-8FDC-42A3-9474-1A3956D46DE8}") = "Presentation", "Presentation", "{5410839C-54CE-47EC-A3FB-962461F16DF1}"
EndProject
Project("{2150E333-8FDC-42A3-9474-1A3956D46DE8}") = "Repositories", "Repositories", "{E15A6485-4F0F-4C00-9E00-5B63BEC0A4D6}"
EndProject
Project("{2150E333-8FDC-42A3-9474-1A3956D46DE8}") = "BusinessServices", "BusinessServices", "{3ADD68BD-81DF-4A2F-822A-325112392137}"
EndProject
Project("{2150E333-8FDC-42A3-9474-1A3956D46DE8}") = "Infrastructure", "Infrastructure", "{5215E9F5-13F0-4386-B528-4366D3F2E852}"
EndProject
Project("{9A19103F-16F7-4668-BE54-9A1E7A4F7556}") = "SM.Data", "Repositories\SM.Data\SM.Data.csproj", "{8E8DDF26-D78D-4E8D-AF1E-21EB07B5B6B6}"
EndProject
Project("{9A19103F-16F7-4668-BE54-9A1E7A4F7556}") = "StoreManagement", "Presentation\StoreManagement\StoreManagement.csproj", "{11071D3C-AB11-4507-96AA-76C28F12BBF2}"
EndProject
Project("{9A19103F-16F7-4668-BE54-9A1E7A4F7556}") = "SM.Data.Models", "Repositories\SM.Data.Models\SM.Data.Models.csproj", "{5EF081F0-249D-4856-B4D0-2E5C79F52431}"
EndProject
Project("{9A19103F-16F7-4668-BE54-9A1E7A4F7556}") = "MS.Business.Models", "BusinessServices\MS.Business.Models\MS.Business.Models.csproj", "{D6D777B2-A98F-491F-B9EF-DCCC9FD10293}"
EndProject
Project("{9A19103F-16F7-4668-BE54-9A1E7A4F7556}") = "SM.Business.DataServices", "BusinessServices\SM.Business.DataServices\SM.Business.DataServices.csproj", "{85B10E41-39E6-49FF-BE96-D0D9867CBD4B}"
EndProject
Project("{9A19103F-16F7-4668-BE54-9A1E7A4F7556}") = "SM.Business.Interfaces", "BusinessServices\SM.Business.Interfaces\SM.Business.Interfaces.csproj", "{432605CC-C34F-45B5-B9FC-789268DCCFBD}"
EndProject
Project("{FAE04EC0-301F-11D3-BF4B-00C04F79EFBC}") = "SM.DependencyInjection", "Infrastructure\SM.DependencyInjection\SM.DependencyInjection.csproj", "{99141D7A-53CE-4972-AEFF-0037958FBE58}"
EndProject
Project("{FAE04EC0-301F-11D3-BF4B-00C04F79EFBC}") = "SM.Data.Interfaces", "Repositories\SM.Data.Interfaces\SM.Data.Interfaces.csproj", "{860D5AB7-C6DB-49DD-91FE-FBD1157121C7}"
EndProject
Global
	GlobalSection(SolutionConfigurationPlatforms) = preSolution
		Debug|Any CPU = Debug|Any CPU
		Release|Any CPU = Release|Any CPU
	EndGlobalSection
	GlobalSection(ProjectConfigurationPlatforms) = postSolution
		{8E8DDF26-D78D-4E8D-AF1E-21EB07B5B6B6}.Debug|Any CPU.ActiveCfg = Debug|Any CPU
		{8E8DDF26-D78D-4E8D-AF1E-21EB07B5B6B6}.Debug|Any CPU.Build.0 = Debug|Any CPU
		{8E8DDF26-D78D-4E8D-AF1E-21EB07B5B6B6}.Release|Any CPU.ActiveCfg = Release|Any CPU
		{8E8DDF26-D78D-4E8D-AF1E-21EB07B5B6B6}.Release|Any CPU.Build.0 = Release|Any CPU
		{11071D3C-AB11-4507-96AA-76C28F12BBF2}.Debug|Any CPU.ActiveCfg = Debug|Any CPU
		{11071D3C-AB11-4507-96AA-76C28F12BBF2}.Debug|Any CPU.Build.0 = Debug|Any CPU
		{11071D3C-AB11-4507-96AA-76C28F12BBF2}.Release|Any CPU.ActiveCfg = Release|Any CPU
		{11071D3C-AB11-4507-96AA-76C28F12BBF2}.Release|Any CPU.Build.0 = Release|Any CPU
		{5EF081F0-249D-4856-B4D0-2E5C79F52431}.Debug|Any CPU.ActiveCfg = Debug|Any CPU
		{5EF081F0-249D-4856-B4D0-2E5C79F52431}.Debug|Any CPU.Build.0 = Debug|Any CPU
		{5EF081F0-249D-4856-B4D0-2E5C79F52431}.Release|Any CPU.ActiveCfg = Release|Any CPU
		{5EF081F0-249D-4856-B4D0-2E5C79F52431}.Release|Any CPU.Build.0 = Release|Any CPU
		{D6D777B2-A98F-491F-B9EF-DCCC9FD10293}.Debug|Any CPU.ActiveCfg = Debug|Any CPU
		{D6D777B2-A98F-491F-B9EF-DCCC9FD10293}.Debug|Any CPU.Build.0 = Debug|Any CPU
		{D6D777B2-A98F-491F-B9EF-DCCC9FD10293}.Release|Any CPU.ActiveCfg = Release|Any CPU
		{D6D777B2-A98F-491F-B9EF-DCCC9FD10293}.Release|Any CPU.Build.0 = Release|Any CPU
		{85B10E41-39E6-49FF-BE96-D0D9867CBD4B}.Debug|Any CPU.ActiveCfg = Debug|Any CPU
		{85B10E41-39E6-49FF-BE96-D0D9867CBD4B}.Debug|Any CPU.Build.0 = Debug|Any CPU
		{85B10E41-39E6-49FF-BE96-D0D9867CBD4B}.Release|Any CPU.ActiveCfg = Release|Any CPU
		{85B10E41-39E6-49FF-BE96-D0D9867CBD4B}.Release|Any CPU.Build.0 = Release|Any CPU
		{432605CC-C34F-45B5-B9FC-789268DCCFBD}.Debug|Any CPU.ActiveCfg = Debug|Any CPU
		{432605CC-C34F-45B5-B9FC-789268DCCFBD}.Debug|Any CPU.Build.0 = Debug|Any CPU
		{432605CC-C34F-45B5-B9FC-789268DCCFBD}.Release|Any CPU.ActiveCfg = Release|Any CPU
		{432605CC-C34F-45B5-B9FC-789268DCCFBD}.Release|Any CPU.Build.0 = Release|Any CPU
		{99141D7A-53CE-4972-AEFF-0037958FBE58}.Debug|Any CPU.ActiveCfg = Debug|Any CPU
		{99141D7A-53CE-4972-AEFF-0037958FBE58}.Debug|Any CPU.Build.0 = Debug|Any CPU
		{99141D7A-53CE-4972-AEFF-0037958FBE58}.Release|Any CPU.ActiveCfg = Release|Any CPU
		{99141D7A-53CE-4972-AEFF-0037958FBE58}.Release|Any CPU.Build.0 = Release|Any CPU
		{860D5AB7-C6DB-49DD-91FE-FBD1157121C7}.Debug|Any CPU.ActiveCfg = Debug|Any CPU
		{860D5AB7-C6DB-49DD-91FE-FBD1157121C7}.Debug|Any CPU.Build.0 = Debug|Any CPU
		{860D5AB7-C6DB-49DD-91FE-FBD1157121C7}.Release|Any CPU.ActiveCfg = Release|Any CPU
		{860D5AB7-C6DB-49DD-91FE-FBD1157121C7}.Release|Any CPU.Build.0 = Release|Any CPU
	EndGlobalSection
	GlobalSection(SolutionProperties) = preSolution
		HideSolutionNode = FALSE
	EndGlobalSection
	GlobalSection(NestedProjects) = preSolution
		{8E8DDF26-D78D-4E8D-AF1E-21EB07B5B6B6} = {E15A6485-4F0F-4C00-9E00-5B63BEC0A4D6}
		{11071D3C-AB11-4507-96AA-76C28F12BBF2} = {5410839C-54CE-47EC-A3FB-962461F16DF1}
		{5EF081F0-249D-4856-B4D0-2E5C79F52431} = {E15A6485-4F0F-4C00-9E00-5B63BEC0A4D6}
		{D6D777B2-A98F-491F-B9EF-DCCC9FD10293} = {3ADD68BD-81DF-4A2F-822A-325112392137}
		{85B10E41-39E6-49FF-BE96-D0D9867CBD4B} = {3ADD68BD-81DF-4A2F-822A-325112392137}
		{432605CC-C34F-45B5-B9FC-789268DCCFBD} = {3ADD68BD-81DF-4A2F-822A-325112392137}
		{99141D7A-53CE-4972-AEFF-0037958FBE58} = {5215E9F5-13F0-4386-B528-4366D3F2E852}
		{860D5AB7-C6DB-49DD-91FE-FBD1157121C7} = {E15A6485-4F0F-4C00-9E00-5B63BEC0A4D6}
	EndGlobalSection
	GlobalSection(ExtensibilityGlobals) = postSolution
		SolutionGuid = {5EAFCB10-AF69-4B55-835F-982287ABF973}
	EndGlobalSection
EndGlobal
